
Microsoft Visual Studio Solution File, Format Version 12.00
# Visual Studio Version 17
VisualStudioVersion = 17.10.35013.160
MinimumVisualStudioVersion = 10.0.40219.1
Project("{2150E333-8FDC-42A3-9474-1A3956D46DE8}") = "src", "src", "{C62C0711-8D06-4B18-9C9E-8A6876A788DC}"
EndProject
Project("{2150E333-8FDC-42A3-9474-1A3956D46DE8}") = "tests", "tests", "{E34359E3-6C07-4DCD-B7A0-6ACDD5541151}"
EndProject
Project("{FAE04EC0-301F-11D3-BF4B-00C04F79EFBC}") = "PizzaPlace.Api", "PizzaPlace.Api\PizzaPlace.Api.csproj", "{B8E7F4E8-FC9A-4FE0-91C9-DFFD75D11BC0}"
EndProject
Project("{FAE04EC0-301F-11D3-BF4B-00C04F79EFBC}") = "PizzaPlace.Application", "PizzaPlace.Application\PizzaPlace.Application.csproj", "{F9BCA506-9BBD-4281-A68E-5666F7076759}"
EndProject
Project("{FAE04EC0-301F-11D3-BF4B-00C04F79EFBC}") = "PizzaPlace.Contracts", "PizzaPlace.Contracts\PizzaPlace.Contracts.csproj", "{5628F766-7755-47C0-AED6-420B5C27CF3F}"
EndProject
Project("{FAE04EC0-301F-11D3-BF4B-00C04F79EFBC}") = "PizzaPlace.Domain", "PizzaPlace.Domain\PizzaPlace.Domain.csproj", "{8B58995F-F135-4245-BF02-8C4DDC11D864}"
EndProject
Project("{FAE04EC0-301F-11D3-BF4B-00C04F79EFBC}") = "PizzaPlace.Infrastructure", "PizzaPlace.Infrastructure\PizzaPlace.Infrastructure.csproj", "{EEA15DF1-316A-48CC-A65A-AD64C36907AF}"
EndProject
Global
	GlobalSection(SolutionConfigurationPlatforms) = preSolution
		Debug|Any CPU = Debug|Any CPU
		Release|Any CPU = Release|Any CPU
	EndGlobalSection
	GlobalSection(ProjectConfigurationPlatforms) = postSolution
		{B8E7F4E8-FC9A-4FE0-91C9-DFFD75D11BC0}.Debug|Any CPU.ActiveCfg = Debug|Any CPU
		{B8E7F4E8-FC9A-4FE0-91C9-DFFD75D11BC0}.Debug|Any CPU.Build.0 = Debug|Any CPU
		{B8E7F4E8-FC9A-4FE0-91C9-DFFD75D11BC0}.Release|Any CPU.ActiveCfg = Release|Any CPU
		{B8E7F4E8-FC9A-4FE0-91C9-DFFD75D11BC0}.Release|Any CPU.Build.0 = Release|Any CPU
		{F9BCA506-9BBD-4281-A68E-5666F7076759}.Debug|Any CPU.ActiveCfg = Debug|Any CPU
		{F9BCA506-9BBD-4281-A68E-5666F7076759}.Debug|Any CPU.Build.0 = Debug|Any CPU
		{F9BCA506-9BBD-4281-A68E-5666F7076759}.Release|Any CPU.ActiveCfg = Release|Any CPU
		{F9BCA506-9BBD-4281-A68E-5666F7076759}.Release|Any CPU.Build.0 = Release|Any CPU
		{5628F766-7755-47C0-AED6-420B5C27CF3F}.Debug|Any CPU.ActiveCfg = Debug|Any CPU
		{5628F766-7755-47C0-AED6-420B5C27CF3F}.Debug|Any CPU.Build.0 = Debug|Any CPU
		{5628F766-7755-47C0-AED6-420B5C27CF3F}.Release|Any CPU.ActiveCfg = Release|Any CPU
		{5628F766-7755-47C0-AED6-420B5C27CF3F}.Release|Any CPU.Build.0 = Release|Any CPU
		{8B58995F-F135-4245-BF02-8C4DDC11D864}.Debug|Any CPU.ActiveCfg = Debug|Any CPU
		{8B58995F-F135-4245-BF02-8C4DDC11D864}.Debug|Any CPU.Build.0 = Debug|Any CPU
		{8B58995F-F135-4245-BF02-8C4DDC11D864}.Release|Any CPU.ActiveCfg = Release|Any CPU
		{8B58995F-F135-4245-BF02-8C4DDC11D864}.Release|Any CPU.Build.0 = Release|Any CPU
		{EEA15DF1-316A-48CC-A65A-AD64C36907AF}.Debug|Any CPU.ActiveCfg = Debug|Any CPU
		{EEA15DF1-316A-48CC-A65A-AD64C36907AF}.Debug|Any CPU.Build.0 = Debug|Any CPU
		{EEA15DF1-316A-48CC-A65A-AD64C36907AF}.Release|Any CPU.ActiveCfg = Release|Any CPU
		{EEA15DF1-316A-48CC-A65A-AD64C36907AF}.Release|Any CPU.Build.0 = Release|Any CPU
	EndGlobalSection
	GlobalSection(SolutionProperties) = preSolution
		HideSolutionNode = FALSE
	EndGlobalSection
	GlobalSection(NestedProjects) = preSolution
		{B8E7F4E8-FC9A-4FE0-91C9-DFFD75D11BC0} = {C62C0711-8D06-4B18-9C9E-8A6876A788DC}
		{F9BCA506-9BBD-4281-A68E-5666F7076759} = {C62C0711-8D06-4B18-9C9E-8A6876A788DC}
		{5628F766-7755-47C0-AED6-420B5C27CF3F} = {C62C0711-8D06-4B18-9C9E-8A6876A788DC}
		{8B58995F-F135-4245-BF02-8C4DDC11D864} = {C62C0711-8D06-4B18-9C9E-8A6876A788DC}
		{EEA15DF1-316A-48CC-A65A-AD64C36907AF} = {C62C0711-8D06-4B18-9C9E-8A6876A788DC}
	EndGlobalSection
	GlobalSection(ExtensibilityGlobals) = postSolution
		SolutionGuid = {07E22A7D-686C-4915-B412-676361FD3391}
	EndGlobalSection
EndGlobal
